
Microsoft Visual Studio Solution File, Format Version 12.00
# Visual Studio Version 16
VisualStudioVersion = 16.0.29215.179
MinimumVisualStudioVersion = 10.0.40219.1
Project("{FAE04EC0-301F-11D3-BF4B-00C04F79EFBC}") = "WebSiteCkEditor", "WebSiteCkEditor\WebSiteCkEditor.csproj", "{3E16EF06-5E97-4DF8-8944-62B661D654AF}"
EndProject
Global
	GlobalSection(SolutionConfigurationPlatforms) = preSolution
		Debug|Any CPU = Debug|Any CPU
		Release|Any CPU = Release|Any CPU
	EndGlobalSection
	GlobalSection(ProjectConfigurationPlatforms) = postSolution
		{3E16EF06-5E97-4DF8-8944-62B661D654AF}.Debug|Any CPU.ActiveCfg = Debug|Any CPU
		{3E16EF06-5E97-4DF8-8944-62B661D654AF}.Debug|Any CPU.Build.0 = Debug|Any CPU
		{3E16EF06-5E97-4DF8-8944-62B661D654AF}.Release|Any CPU.ActiveCfg = Release|Any CPU
		{3E16EF06-5E97-4DF8-8944-62B661D654AF}.Release|Any CPU.Build.0 = Release|Any CPU
	EndGlobalSection
	GlobalSection(SolutionProperties) = preSolution
		HideSolutionNode = FALSE
	EndGlobalSection
	GlobalSection(ExtensibilityGlobals) = postSolution
		SolutionGuid = {84716148-4C53-445E-869D-CA4EEA59EBFD}
	EndGlobalSection
EndGlobal
